
Microsoft Visual Studio Solution File, Format Version 12.00
# Visual Studio Version 17
VisualStudioVersion = 17.0.31919.166
MinimumVisualStudioVersion = 10.0.40219.1
Project("{FAE04EC0-301F-11D3-BF4B-00C04F79EFBC}") = "RevitByEric", "RevitByEric\RevitByEric.csproj", "{44A6ACED-1783-4C1B-A42C-1746DCA3A5FE}"
EndProject
Project("{FAE04EC0-301F-11D3-BF4B-00C04F79EFBC}") = "CMDtest", "CMDtest\CMDtest.csproj", "{5DD7E090-41AA-4C20-B3CB-ACA0A0CB17F2}"
EndProject
Project("{FAE04EC0-301F-11D3-BF4B-00C04F79EFBC}") = "Revit_v2018", "Revit_v2018\Revit_v2018.csproj", "{62CC29A1-8A8E-43A3-B464-2450FD0F6490}"
EndProject
Project("{FAE04EC0-301F-11D3-BF4B-00C04F79EFBC}") = "Temp", "Temp\Temp.csproj", "{8F8A7807-B896-4C22-9C07-621F08B287A6}"
EndProject
Project("{FAE04EC0-301F-11D3-BF4B-00C04F79EFBC}") = "MVVMtest", "MVVMtest\MVVMtest.csproj", "{55B8615D-3E86-4AFB-9AED-EF2C03F43CB3}"
EndProject
Project("{FAE04EC0-301F-11D3-BF4B-00C04F79EFBC}") = "MvvM2", "MvvM2\MvvM2.csproj", "{68921E28-FA95-412A-8E34-BD1B8A86B23F}"
EndProject
Project("{FAE04EC0-301F-11D3-BF4B-00C04F79EFBC}") = "ConsoleApp1", "ConsoleApp1\ConsoleApp1.csproj", "{AA949127-4A96-4A3E-9412-075C40A02405}"
EndProject
Project("{FAE04EC0-301F-11D3-BF4B-00C04F79EFBC}") = "log4dog", "log4dog\log4dog.csproj", "{6D3DA06F-45FE-4C4C-9212-8AE98EE03D67}"
EndProject
Project("{FAE04EC0-301F-11D3-BF4B-00C04F79EFBC}") = "colorboard", "colorboard\colorboard.csproj", "{0746FFEB-7032-443E-8737-5F437E92E6CF}"
EndProject
Project("{FAE04EC0-301F-11D3-BF4B-00C04F79EFBC}") = "MailSend", "MailSend\MailSend.csproj", "{810E2CCA-DD23-4DD6-8B97-49B9D7E99ED2}"
EndProject
Project("{FAE04EC0-301F-11D3-BF4B-00C04F79EFBC}") = "ColourPipe", "ColourPipe\ColourPipe.csproj", "{34554820-7B22-4DEB-AF68-35BBCC4DA992}"
EndProject
Global
	GlobalSection(SolutionConfigurationPlatforms) = preSolution
		Debug|Any CPU = Debug|Any CPU
		Release|Any CPU = Release|Any CPU
	EndGlobalSection
	GlobalSection(ProjectConfigurationPlatforms) = postSolution
		{44A6ACED-1783-4C1B-A42C-1746DCA3A5FE}.Debug|Any CPU.ActiveCfg = Debug|Any CPU
		{44A6ACED-1783-4C1B-A42C-1746DCA3A5FE}.Debug|Any CPU.Build.0 = Debug|Any CPU
		{44A6ACED-1783-4C1B-A42C-1746DCA3A5FE}.Release|Any CPU.ActiveCfg = Release|Any CPU
		{44A6ACED-1783-4C1B-A42C-1746DCA3A5FE}.Release|Any CPU.Build.0 = Release|Any CPU
		{5DD7E090-41AA-4C20-B3CB-ACA0A0CB17F2}.Debug|Any CPU.ActiveCfg = Debug|Any CPU
		{5DD7E090-41AA-4C20-B3CB-ACA0A0CB17F2}.Debug|Any CPU.Build.0 = Debug|Any CPU
		{5DD7E090-41AA-4C20-B3CB-ACA0A0CB17F2}.Release|Any CPU.ActiveCfg = Release|Any CPU
		{5DD7E090-41AA-4C20-B3CB-ACA0A0CB17F2}.Release|Any CPU.Build.0 = Release|Any CPU
		{62CC29A1-8A8E-43A3-B464-2450FD0F6490}.Debug|Any CPU.ActiveCfg = Debug|Any CPU
		{62CC29A1-8A8E-43A3-B464-2450FD0F6490}.Debug|Any CPU.Build.0 = Debug|Any CPU
		{62CC29A1-8A8E-43A3-B464-2450FD0F6490}.Release|Any CPU.ActiveCfg = Release|Any CPU
		{62CC29A1-8A8E-43A3-B464-2450FD0F6490}.Release|Any CPU.Build.0 = Release|Any CPU
		{8F8A7807-B896-4C22-9C07-621F08B287A6}.Debug|Any CPU.ActiveCfg = Debug|Any CPU
		{8F8A7807-B896-4C22-9C07-621F08B287A6}.Debug|Any CPU.Build.0 = Debug|Any CPU
		{8F8A7807-B896-4C22-9C07-621F08B287A6}.Release|Any CPU.ActiveCfg = Release|Any CPU
		{8F8A7807-B896-4C22-9C07-621F08B287A6}.Release|Any CPU.Build.0 = Release|Any CPU
		{55B8615D-3E86-4AFB-9AED-EF2C03F43CB3}.Debug|Any CPU.ActiveCfg = Debug|Any CPU
		{55B8615D-3E86-4AFB-9AED-EF2C03F43CB3}.Debug|Any CPU.Build.0 = Debug|Any CPU
		{55B8615D-3E86-4AFB-9AED-EF2C03F43CB3}.Release|Any CPU.ActiveCfg = Release|Any CPU
		{55B8615D-3E86-4AFB-9AED-EF2C03F43CB3}.Release|Any CPU.Build.0 = Release|Any CPU
		{68921E28-FA95-412A-8E34-BD1B8A86B23F}.Debug|Any CPU.ActiveCfg = Debug|Any CPU
		{68921E28-FA95-412A-8E34-BD1B8A86B23F}.Debug|Any CPU.Build.0 = Debug|Any CPU
		{68921E28-FA95-412A-8E34-BD1B8A86B23F}.Release|Any CPU.ActiveCfg = Release|Any CPU
		{68921E28-FA95-412A-8E34-BD1B8A86B23F}.Release|Any CPU.Build.0 = Release|Any CPU
		{AA949127-4A96-4A3E-9412-075C40A02405}.Debug|Any CPU.ActiveCfg = Debug|Any CPU
		{AA949127-4A96-4A3E-9412-075C40A02405}.Debug|Any CPU.Build.0 = Debug|Any CPU
		{AA949127-4A96-4A3E-9412-075C40A02405}.Release|Any CPU.ActiveCfg = Release|Any CPU
		{AA949127-4A96-4A3E-9412-075C40A02405}.Release|Any CPU.Build.0 = Release|Any CPU
		{6D3DA06F-45FE-4C4C-9212-8AE98EE03D67}.Debug|Any CPU.ActiveCfg = Debug|Any CPU
		{6D3DA06F-45FE-4C4C-9212-8AE98EE03D67}.Debug|Any CPU.Build.0 = Debug|Any CPU
		{6D3DA06F-45FE-4C4C-9212-8AE98EE03D67}.Release|Any CPU.ActiveCfg = Release|Any CPU
		{6D3DA06F-45FE-4C4C-9212-8AE98EE03D67}.Release|Any CPU.Build.0 = Release|Any CPU
		{0746FFEB-7032-443E-8737-5F437E92E6CF}.Debug|Any CPU.ActiveCfg = Debug|Any CPU
		{0746FFEB-7032-443E-8737-5F437E92E6CF}.Debug|Any CPU.Build.0 = Debug|Any CPU
		{0746FFEB-7032-443E-8737-5F437E92E6CF}.Release|Any CPU.ActiveCfg = Release|Any CPU
		{0746FFEB-7032-443E-8737-5F437E92E6CF}.Release|Any CPU.Build.0 = Release|Any CPU
		{810E2CCA-DD23-4DD6-8B97-49B9D7E99ED2}.Debug|Any CPU.ActiveCfg = Debug|Any CPU
		{810E2CCA-DD23-4DD6-8B97-49B9D7E99ED2}.Debug|Any CPU.Build.0 = Debug|Any CPU
		{810E2CCA-DD23-4DD6-8B97-49B9D7E99ED2}.Release|Any CPU.ActiveCfg = Release|Any CPU
		{810E2CCA-DD23-4DD6-8B97-49B9D7E99ED2}.Release|Any CPU.Build.0 = Release|Any CPU
		{34554820-7B22-4DEB-AF68-35BBCC4DA992}.Debug|Any CPU.ActiveCfg = Debug|Any CPU
		{34554820-7B22-4DEB-AF68-35BBCC4DA992}.Debug|Any CPU.Build.0 = Debug|Any CPU
		{34554820-7B22-4DEB-AF68-35BBCC4DA992}.Release|Any CPU.ActiveCfg = Release|Any CPU
		{34554820-7B22-4DEB-AF68-35BBCC4DA992}.Release|Any CPU.Build.0 = Release|Any CPU
	EndGlobalSection
	GlobalSection(SolutionProperties) = preSolution
		HideSolutionNode = FALSE
	EndGlobalSection
	GlobalSection(ExtensibilityGlobals) = postSolution
		SolutionGuid = {EE6E28E8-38DE-4BE1-ACFC-25F7B3EF8C8E}
	EndGlobalSection
EndGlobal
